// !$*UTF8*$!
{
	archiveVersion = 1;
	classes = {
	};
	objectVersion = 54;
	objects = {

/* Begin PBXBuildFile section */
		3C02C485207F1F79008CA191 /* AppDelegate.m in Sources */ = {isa = PBXBuildFile; fileRef = 3C02C484207F1F79008CA191 /* AppDelegate.m */; };
		3C02C488207F1F79008CA191 /* ViewController.m in Sources */ = {isa = PBXBuildFile; fileRef = 3C02C487207F1F79008CA191 /* ViewController.m */; };
		3C02C48B207F1F79008CA191 /* Main.storyboard in Resources */ = {isa = PBXBuildFile; fileRef = 3C02C489207F1F79008CA191 /* Main.storyboard */; };
		3C02C48D207F1F7B008CA191 /* Assets.xcassets in Resources */ = {isa = PBXBuildFile; fileRef = 3C02C48C207F1F7B008CA191 /* Assets.xcassets */; };
		3C02C490207F1F7B008CA191 /* LaunchScreen.storyboard in Resources */ = {isa = PBXBuildFile; fileRef = 3C02C48E207F1F7B008CA191 /* LaunchScreen.storyboard */; };
		3C02C493207F1F7B008CA191 /* main.m in Sources */ = {isa = PBXBuildFile; fileRef = 3C02C492207F1F7B008CA191 /* main.m */; };
		3C02C49E207F2996008CA191 /* CoreLocation.framework in Frameworks */ = {isa = PBXBuildFile; fileRef = 3C89FDA5207C7A1B002FC3D4 /* CoreLocation.framework */; };
		3C02C49F207F299F008CA191 /* CoreMotion.framework in Frameworks */ = {isa = PBXBuildFile; fileRef = 3C89FDA3207C7A12002FC3D4 /* CoreMotion.framework */; };
		3C02C4A0207F29AD008CA191 /* SystemConfiguration.framework in Frameworks */ = {isa = PBXBuildFile; fileRef = 3C89FDA1207C7A07002FC3D4 /* SystemConfiguration.framework */; };
		3C02C4A1207F29B9008CA191 /* MapKit.framework in Frameworks */ = {isa = PBXBuildFile; fileRef = 3C89FD9F207C79FC002FC3D4 /* MapKit.framework */; };
		3C02C4A2207F29C4008CA191 /* CoreGraphics.framework in Frameworks */ = {isa = PBXBuildFile; fileRef = 3C89FD9D207C79F2002FC3D4 /* CoreGraphics.framework */; };
		3C02C4A3207F29D0008CA191 /* UIKit.framework in Frameworks */ = {isa = PBXBuildFile; fileRef = 3C89FD9B207C79E9002FC3D4 /* UIKit.framework */; };
		3C89FD69207C799B002FC3D4 /* AppDelegate.swift in Sources */ = {isa = PBXBuildFile; fileRef = 3C89FD68207C799B002FC3D4 /* AppDelegate.swift */; };
		3C89FD6B207C799B002FC3D4 /* ViewController.swift in Sources */ = {isa = PBXBuildFile; fileRef = 3C89FD6A207C799B002FC3D4 /* ViewController.swift */; };
		3C89FD6E207C799B002FC3D4 /* Main.storyboard in Resources */ = {isa = PBXBuildFile; fileRef = 3C89FD6C207C799B002FC3D4 /* Main.storyboard */; };
		3C89FD70207C799B002FC3D4 /* Assets.xcassets in Resources */ = {isa = PBXBuildFile; fileRef = 3C89FD6F207C799B002FC3D4 /* Assets.xcassets */; };
		3C89FD73207C799B002FC3D4 /* LaunchScreen.storyboard in Resources */ = {isa = PBXBuildFile; fileRef = 3C89FD71207C799B002FC3D4 /* LaunchScreen.storyboard */; };
		3C89FD9C207C79E9002FC3D4 /* UIKit.framework in Frameworks */ = {isa = PBXBuildFile; fileRef = 3C89FD9B207C79E9002FC3D4 /* UIKit.framework */; };
		3C89FD9E207C79F2002FC3D4 /* CoreGraphics.framework in Frameworks */ = {isa = PBXBuildFile; fileRef = 3C89FD9D207C79F2002FC3D4 /* CoreGraphics.framework */; };
		3C89FDA0207C79FC002FC3D4 /* MapKit.framework in Frameworks */ = {isa = PBXBuildFile; fileRef = 3C89FD9F207C79FC002FC3D4 /* MapKit.framework */; };
		3C89FDA2207C7A07002FC3D4 /* SystemConfiguration.framework in Frameworks */ = {isa = PBXBuildFile; fileRef = 3C89FDA1207C7A07002FC3D4 /* SystemConfiguration.framework */; };
		3C89FDA4207C7A12002FC3D4 /* CoreMotion.framework in Frameworks */ = {isa = PBXBuildFile; fileRef = 3C89FDA3207C7A12002FC3D4 /* CoreMotion.framework */; };
		3C89FDA6207C7A1B002FC3D4 /* CoreLocation.framework in Frameworks */ = {isa = PBXBuildFile; fileRef = 3C89FDA5207C7A1B002FC3D4 /* CoreLocation.framework */; };
		500C4B076172040E9A4D4108 /* Pods_PointSDK_MinimalIntegrationExample_Swift.framework in Frameworks */ = {isa = PBXBuildFile; fileRef = 0F17651AFB3BAEC160088E94 /* Pods_PointSDK_MinimalIntegrationExample_Swift.framework */; };
		5E763942B0B5748228EC9F47 /* Pods_PointSDK_MinimalIntegrationExample_Objc.framework in Frameworks */ = {isa = PBXBuildFile; fileRef = 522A6570DEEFEAB770210F36 /* Pods_PointSDK_MinimalIntegrationExample_Objc.framework */; };
		7859006D257DF5BE00162C94 /* AppDelegate+BDPBluedotServiceDelegate.swift in Sources */ = {isa = PBXBuildFile; fileRef = 78590060257DF5BE00162C94 /* AppDelegate+BDPBluedotServiceDelegate.swift */; };
		78590071257DF5BE00162C94 /* AppDelegate+BDPGeoTriggeringEventDelegate.swift in Sources */ = {isa = PBXBuildFile; fileRef = 78590066257DF5BE00162C94 /* AppDelegate+BDPGeoTriggeringEventDelegate.swift */; };
		78590073257DF5BE00162C94 /* AppDelegate+BDPTempoTrackingDelegate.swift in Sources */ = {isa = PBXBuildFile; fileRef = 78590068257DF5BE00162C94 /* AppDelegate+BDPTempoTrackingDelegate.swift */; };
		7859007E257DF77800162C94 /* OnboardingViewController.m in Sources */ = {isa = PBXBuildFile; fileRef = 7859007D257DF77800162C94 /* OnboardingViewController.m */; };
		78590083257DF9D400162C94 /* OnboardingViewController.swift in Sources */ = {isa = PBXBuildFile; fileRef = 78590082257DF9D400162C94 /* OnboardingViewController.swift */; };
		E11A3CBE21ABB19900AD5102 /* UIAlertController+Actions.swift in Sources */ = {isa = PBXBuildFile; fileRef = E11A3CBD21ABB19900AD5102 /* UIAlertController+Actions.swift */; };
		E1741EFA2354379800F7E78E /* PointSDK_MinimalUITests_Swift.swift in Sources */ = {isa = PBXBuildFile; fileRef = E1741EF92354379800F7E78E /* PointSDK_MinimalUITests_Swift.swift */; };
		E1741F08235437AE00F7E78E /* PointSDK_MinimalUITests_Objc.swift in Sources */ = {isa = PBXBuildFile; fileRef = E1741F07235437AE00F7E78E /* PointSDK_MinimalUITests_Objc.swift */; };
/* End PBXBuildFile section */

/* Begin PBXContainerItemProxy section */
		E1741EFC2354379800F7E78E /* PBXContainerItemProxy */ = {
			isa = PBXContainerItemProxy;
			containerPortal = 3C89FD5D207C799B002FC3D4 /* Project object */;
			proxyType = 1;
			remoteGlobalIDString = 3C89FD64207C799B002FC3D4;
			remoteInfo = "PointSDK-MinimalIntegrationExample-Swift";
		};
		E1741F0A235437AE00F7E78E /* PBXContainerItemProxy */ = {
			isa = PBXContainerItemProxy;
			containerPortal = 3C89FD5D207C799B002FC3D4 /* Project object */;
			proxyType = 1;
			remoteGlobalIDString = 3C02C480207F1F79008CA191;
			remoteInfo = "PointSDK-MinimalIntegrationExample-Objc";
		};
/* End PBXContainerItemProxy section */

/* Begin PBXCopyFilesBuildPhase section */
		3C7BCC3D207DCE12001D8880 /* Embed Frameworks */ = {
			isa = PBXCopyFilesBuildPhase;
			buildActionMask = 2147483647;
			dstPath = "";
			dstSubfolderSpec = 10;
			files = (
			);
			name = "Embed Frameworks";
			runOnlyForDeploymentPostprocessing = 0;
		};
/* End PBXCopyFilesBuildPhase section */

/* Begin PBXFileReference section */
		0F17651AFB3BAEC160088E94 /* Pods_PointSDK_MinimalIntegrationExample_Swift.framework */ = {isa = PBXFileReference; explicitFileType = wrapper.framework; includeInIndex = 0; path = Pods_PointSDK_MinimalIntegrationExample_Swift.framework; sourceTree = BUILT_PRODUCTS_DIR; };
		1EB01708A60DE0DE86C05D18 /* Pods-PointSDK-MinimalIntegrationExample-Swift.debug.xcconfig */ = {isa = PBXFileReference; includeInIndex = 1; lastKnownFileType = text.xcconfig; name = "Pods-PointSDK-MinimalIntegrationExample-Swift.debug.xcconfig"; path = "Target Support Files/Pods-PointSDK-MinimalIntegrationExample-Swift/Pods-PointSDK-MinimalIntegrationExample-Swift.debug.xcconfig"; sourceTree = "<group>"; };
		1F77A7FF24616F3F8BC71201 /* Pods-PointSDK-MinimalIntegrationExample-Swift.release.xcconfig */ = {isa = PBXFileReference; includeInIndex = 1; lastKnownFileType = text.xcconfig; name = "Pods-PointSDK-MinimalIntegrationExample-Swift.release.xcconfig"; path = "Target Support Files/Pods-PointSDK-MinimalIntegrationExample-Swift/Pods-PointSDK-MinimalIntegrationExample-Swift.release.xcconfig"; sourceTree = "<group>"; };
		260B31C1A039CFB139A54723 /* Pods-PointSDK-MinimalIntegrationExample-Objc.debug.xcconfig */ = {isa = PBXFileReference; includeInIndex = 1; lastKnownFileType = text.xcconfig; name = "Pods-PointSDK-MinimalIntegrationExample-Objc.debug.xcconfig"; path = "Target Support Files/Pods-PointSDK-MinimalIntegrationExample-Objc/Pods-PointSDK-MinimalIntegrationExample-Objc.debug.xcconfig"; sourceTree = "<group>"; };
		3C02C481207F1F79008CA191 /* PointSDK Objc Minimal.app */ = {isa = PBXFileReference; explicitFileType = wrapper.application; includeInIndex = 0; path = "PointSDK Objc Minimal.app"; sourceTree = BUILT_PRODUCTS_DIR; };
		3C02C483207F1F79008CA191 /* AppDelegate.h */ = {isa = PBXFileReference; lastKnownFileType = sourcecode.c.h; path = AppDelegate.h; sourceTree = "<group>"; };
		3C02C484207F1F79008CA191 /* AppDelegate.m */ = {isa = PBXFileReference; lastKnownFileType = sourcecode.c.objc; path = AppDelegate.m; sourceTree = "<group>"; };
		3C02C486207F1F79008CA191 /* ViewController.h */ = {isa = PBXFileReference; lastKnownFileType = sourcecode.c.h; path = ViewController.h; sourceTree = "<group>"; };
		3C02C487207F1F79008CA191 /* ViewController.m */ = {isa = PBXFileReference; lastKnownFileType = sourcecode.c.objc; path = ViewController.m; sourceTree = "<group>"; };
		3C02C48A207F1F79008CA191 /* Base */ = {isa = PBXFileReference; lastKnownFileType = file.storyboard; name = Base; path = Base.lproj/Main.storyboard; sourceTree = "<group>"; };
		3C02C48C207F1F7B008CA191 /* Assets.xcassets */ = {isa = PBXFileReference; lastKnownFileType = folder.assetcatalog; path = Assets.xcassets; sourceTree = "<group>"; };
		3C02C48F207F1F7B008CA191 /* Base */ = {isa = PBXFileReference; lastKnownFileType = file.storyboard; name = Base; path = Base.lproj/LaunchScreen.storyboard; sourceTree = "<group>"; };
		3C02C491207F1F7B008CA191 /* Info.plist */ = {isa = PBXFileReference; lastKnownFileType = text.plist.xml; path = Info.plist; sourceTree = "<group>"; };
		3C02C492207F1F7B008CA191 /* main.m */ = {isa = PBXFileReference; lastKnownFileType = sourcecode.c.objc; path = main.m; sourceTree = "<group>"; };
		3C89FD65207C799B002FC3D4 /* PointSDK Swift Minimal.app */ = {isa = PBXFileReference; explicitFileType = wrapper.application; includeInIndex = 0; path = "PointSDK Swift Minimal.app"; sourceTree = BUILT_PRODUCTS_DIR; };
		3C89FD68207C799B002FC3D4 /* AppDelegate.swift */ = {isa = PBXFileReference; lastKnownFileType = sourcecode.swift; path = AppDelegate.swift; sourceTree = "<group>"; };
		3C89FD6A207C799B002FC3D4 /* ViewController.swift */ = {isa = PBXFileReference; lastKnownFileType = sourcecode.swift; path = ViewController.swift; sourceTree = "<group>"; };
		3C89FD6D207C799B002FC3D4 /* Base */ = {isa = PBXFileReference; lastKnownFileType = file.storyboard; name = Base; path = Base.lproj/Main.storyboard; sourceTree = "<group>"; };
		3C89FD6F207C799B002FC3D4 /* Assets.xcassets */ = {isa = PBXFileReference; lastKnownFileType = folder.assetcatalog; path = Assets.xcassets; sourceTree = "<group>"; };
		3C89FD72207C799B002FC3D4 /* Base */ = {isa = PBXFileReference; lastKnownFileType = file.storyboard; name = Base; path = Base.lproj/LaunchScreen.storyboard; sourceTree = "<group>"; };
		3C89FD74207C799B002FC3D4 /* Info.plist */ = {isa = PBXFileReference; lastKnownFileType = text.plist.xml; path = Info.plist; sourceTree = "<group>"; };
		3C89FD9B207C79E9002FC3D4 /* UIKit.framework */ = {isa = PBXFileReference; lastKnownFileType = wrapper.framework; name = UIKit.framework; path = System/Library/Frameworks/UIKit.framework; sourceTree = SDKROOT; };
		3C89FD9D207C79F2002FC3D4 /* CoreGraphics.framework */ = {isa = PBXFileReference; lastKnownFileType = wrapper.framework; name = CoreGraphics.framework; path = System/Library/Frameworks/CoreGraphics.framework; sourceTree = SDKROOT; };
		3C89FD9F207C79FC002FC3D4 /* MapKit.framework */ = {isa = PBXFileReference; lastKnownFileType = wrapper.framework; name = MapKit.framework; path = System/Library/Frameworks/MapKit.framework; sourceTree = SDKROOT; };
		3C89FDA1207C7A07002FC3D4 /* SystemConfiguration.framework */ = {isa = PBXFileReference; lastKnownFileType = wrapper.framework; name = SystemConfiguration.framework; path = System/Library/Frameworks/SystemConfiguration.framework; sourceTree = SDKROOT; };
		3C89FDA3207C7A12002FC3D4 /* CoreMotion.framework */ = {isa = PBXFileReference; lastKnownFileType = wrapper.framework; name = CoreMotion.framework; path = System/Library/Frameworks/CoreMotion.framework; sourceTree = SDKROOT; };
		3C89FDA5207C7A1B002FC3D4 /* CoreLocation.framework */ = {isa = PBXFileReference; lastKnownFileType = wrapper.framework; name = CoreLocation.framework; path = System/Library/Frameworks/CoreLocation.framework; sourceTree = SDKROOT; };
		522A6570DEEFEAB770210F36 /* Pods_PointSDK_MinimalIntegrationExample_Objc.framework */ = {isa = PBXFileReference; explicitFileType = wrapper.framework; includeInIndex = 0; path = Pods_PointSDK_MinimalIntegrationExample_Objc.framework; sourceTree = BUILT_PRODUCTS_DIR; };
		78590060257DF5BE00162C94 /* AppDelegate+BDPBluedotServiceDelegate.swift */ = {isa = PBXFileReference; fileEncoding = 4; lastKnownFileType = sourcecode.swift; path = "AppDelegate+BDPBluedotServiceDelegate.swift"; sourceTree = "<group>"; };
		78590066257DF5BE00162C94 /* AppDelegate+BDPGeoTriggeringEventDelegate.swift */ = {isa = PBXFileReference; fileEncoding = 4; lastKnownFileType = sourcecode.swift; path = "AppDelegate+BDPGeoTriggeringEventDelegate.swift"; sourceTree = "<group>"; };
		78590068257DF5BE00162C94 /* AppDelegate+BDPTempoTrackingDelegate.swift */ = {isa = PBXFileReference; fileEncoding = 4; lastKnownFileType = sourcecode.swift; path = "AppDelegate+BDPTempoTrackingDelegate.swift"; sourceTree = "<group>"; };
		7859007C257DF77800162C94 /* OnboardingViewController.h */ = {isa = PBXFileReference; fileEncoding = 4; lastKnownFileType = sourcecode.c.h; path = OnboardingViewController.h; sourceTree = "<group>"; };
		7859007D257DF77800162C94 /* OnboardingViewController.m */ = {isa = PBXFileReference; fileEncoding = 4; lastKnownFileType = sourcecode.c.objc; path = OnboardingViewController.m; sourceTree = "<group>"; };
		78590082257DF9D400162C94 /* OnboardingViewController.swift */ = {isa = PBXFileReference; fileEncoding = 4; lastKnownFileType = sourcecode.swift; path = OnboardingViewController.swift; sourceTree = "<group>"; };
		D3D644B5B034D00ADF09B1FD /* Pods-PointSDK-MinimalIntegrationExample-Objc.release.xcconfig */ = {isa = PBXFileReference; includeInIndex = 1; lastKnownFileType = text.xcconfig; name = "Pods-PointSDK-MinimalIntegrationExample-Objc.release.xcconfig"; path = "Target Support Files/Pods-PointSDK-MinimalIntegrationExample-Objc/Pods-PointSDK-MinimalIntegrationExample-Objc.release.xcconfig"; sourceTree = "<group>"; };
		E11A3CBD21ABB19900AD5102 /* UIAlertController+Actions.swift */ = {isa = PBXFileReference; lastKnownFileType = sourcecode.swift; path = "UIAlertController+Actions.swift"; sourceTree = "<group>"; };
		E1741EF72354379800F7E78E /* PointSDK-MinimalUITests-Swift.xctest */ = {isa = PBXFileReference; explicitFileType = wrapper.cfbundle; includeInIndex = 0; path = "PointSDK-MinimalUITests-Swift.xctest"; sourceTree = BUILT_PRODUCTS_DIR; };
		E1741EF92354379800F7E78E /* PointSDK_MinimalUITests_Swift.swift */ = {isa = PBXFileReference; lastKnownFileType = sourcecode.swift; path = PointSDK_MinimalUITests_Swift.swift; sourceTree = "<group>"; };
		E1741EFB2354379800F7E78E /* Info.plist */ = {isa = PBXFileReference; lastKnownFileType = text.plist.xml; path = Info.plist; sourceTree = "<group>"; };
		E1741F05235437AE00F7E78E /* PointSDK-MinimalUITests-Objc.xctest */ = {isa = PBXFileReference; explicitFileType = wrapper.cfbundle; includeInIndex = 0; path = "PointSDK-MinimalUITests-Objc.xctest"; sourceTree = BUILT_PRODUCTS_DIR; };
		E1741F07235437AE00F7E78E /* PointSDK_MinimalUITests_Objc.swift */ = {isa = PBXFileReference; lastKnownFileType = sourcecode.swift; path = PointSDK_MinimalUITests_Objc.swift; sourceTree = "<group>"; };
		E1741F09235437AE00F7E78E /* Info.plist */ = {isa = PBXFileReference; lastKnownFileType = text.plist.xml; path = Info.plist; sourceTree = "<group>"; };
/* End PBXFileReference section */

/* Begin PBXFrameworksBuildPhase section */
		3C02C47E207F1F79008CA191 /* Frameworks */ = {
			isa = PBXFrameworksBuildPhase;
			buildActionMask = 2147483647;
			files = (
				3C02C4A3207F29D0008CA191 /* UIKit.framework in Frameworks */,
				3C02C4A2207F29C4008CA191 /* CoreGraphics.framework in Frameworks */,
				3C02C4A1207F29B9008CA191 /* MapKit.framework in Frameworks */,
				3C02C4A0207F29AD008CA191 /* SystemConfiguration.framework in Frameworks */,
				3C02C49F207F299F008CA191 /* CoreMotion.framework in Frameworks */,
				3C02C49E207F2996008CA191 /* CoreLocation.framework in Frameworks */,
				5E763942B0B5748228EC9F47 /* Pods_PointSDK_MinimalIntegrationExample_Objc.framework in Frameworks */,
			);
			runOnlyForDeploymentPostprocessing = 0;
		};
		3C89FD62207C799B002FC3D4 /* Frameworks */ = {
			isa = PBXFrameworksBuildPhase;
			buildActionMask = 2147483647;
			files = (
				3C89FDA6207C7A1B002FC3D4 /* CoreLocation.framework in Frameworks */,
				3C89FDA4207C7A12002FC3D4 /* CoreMotion.framework in Frameworks */,
				3C89FDA2207C7A07002FC3D4 /* SystemConfiguration.framework in Frameworks */,
				3C89FDA0207C79FC002FC3D4 /* MapKit.framework in Frameworks */,
				3C89FD9E207C79F2002FC3D4 /* CoreGraphics.framework in Frameworks */,
				3C89FD9C207C79E9002FC3D4 /* UIKit.framework in Frameworks */,
				500C4B076172040E9A4D4108 /* Pods_PointSDK_MinimalIntegrationExample_Swift.framework in Frameworks */,
			);
			runOnlyForDeploymentPostprocessing = 0;
		};
		E1741EF42354379800F7E78E /* Frameworks */ = {
			isa = PBXFrameworksBuildPhase;
			buildActionMask = 2147483647;
			files = (
			);
			runOnlyForDeploymentPostprocessing = 0;
		};
		E1741F02235437AE00F7E78E /* Frameworks */ = {
			isa = PBXFrameworksBuildPhase;
			buildActionMask = 2147483647;
			files = (
			);
			runOnlyForDeploymentPostprocessing = 0;
		};
/* End PBXFrameworksBuildPhase section */

/* Begin PBXGroup section */
		3C02C482207F1F79008CA191 /* PointSDK-MinimalIntegrationExample-Objc */ = {
			isa = PBXGroup;
			children = (
				3C02C483207F1F79008CA191 /* AppDelegate.h */,
				3C02C484207F1F79008CA191 /* AppDelegate.m */,
				7859007C257DF77800162C94 /* OnboardingViewController.h */,
				7859007D257DF77800162C94 /* OnboardingViewController.m */,
				3C02C486207F1F79008CA191 /* ViewController.h */,
				3C02C487207F1F79008CA191 /* ViewController.m */,
				3C02C489207F1F79008CA191 /* Main.storyboard */,
				3C02C48C207F1F7B008CA191 /* Assets.xcassets */,
				3C02C48E207F1F7B008CA191 /* LaunchScreen.storyboard */,
				3C02C491207F1F7B008CA191 /* Info.plist */,
				3C02C492207F1F7B008CA191 /* main.m */,
			);
			path = "PointSDK-MinimalIntegrationExample-Objc";
			sourceTree = "<group>";
		};
		3C89FD5C207C799B002FC3D4 = {
			isa = PBXGroup;
			children = (
				3C89FD67207C799B002FC3D4 /* PointSDK-MinimalIntegrationExample-Swift */,
				3C02C482207F1F79008CA191 /* PointSDK-MinimalIntegrationExample-Objc */,
				E1741EF82354379800F7E78E /* PointSDK-MinimalUITests-Swift */,
				E1741F06235437AE00F7E78E /* PointSDK-MinimalUITests-Objc */,
				3C89FD66207C799B002FC3D4 /* Products */,
				3C89FD9A207C79E9002FC3D4 /* Frameworks */,
				40371F84145C205FF14AE514 /* Pods */,
			);
			sourceTree = "<group>";
		};
		3C89FD66207C799B002FC3D4 /* Products */ = {
			isa = PBXGroup;
			children = (
				3C89FD65207C799B002FC3D4 /* PointSDK Swift Minimal.app */,
				3C02C481207F1F79008CA191 /* PointSDK Objc Minimal.app */,
				E1741EF72354379800F7E78E /* PointSDK-MinimalUITests-Swift.xctest */,
				E1741F05235437AE00F7E78E /* PointSDK-MinimalUITests-Objc.xctest */,
			);
			name = Products;
			sourceTree = "<group>";
		};
		3C89FD67207C799B002FC3D4 /* PointSDK-MinimalIntegrationExample-Swift */ = {
			isa = PBXGroup;
			children = (
				3C89FD68207C799B002FC3D4 /* AppDelegate.swift */,
				78590060257DF5BE00162C94 /* AppDelegate+BDPBluedotServiceDelegate.swift */,
				78590066257DF5BE00162C94 /* AppDelegate+BDPGeoTriggeringEventDelegate.swift */,
				78590068257DF5BE00162C94 /* AppDelegate+BDPTempoTrackingDelegate.swift */,
				3C89FD6F207C799B002FC3D4 /* Assets.xcassets */,
				3C89FD74207C799B002FC3D4 /* Info.plist */,
				3C89FD71207C799B002FC3D4 /* LaunchScreen.storyboard */,
				3C89FD6C207C799B002FC3D4 /* Main.storyboard */,
				E11A3CBD21ABB19900AD5102 /* UIAlertController+Actions.swift */,
				3C89FD6A207C799B002FC3D4 /* ViewController.swift */,
				78590082257DF9D400162C94 /* OnboardingViewController.swift */,
			);
			path = "PointSDK-MinimalIntegrationExample-Swift";
			sourceTree = "<group>";
		};
		3C89FD9A207C79E9002FC3D4 /* Frameworks */ = {
			isa = PBXGroup;
			children = (
				3C89FDA5207C7A1B002FC3D4 /* CoreLocation.framework */,
				3C89FDA3207C7A12002FC3D4 /* CoreMotion.framework */,
				3C89FDA1207C7A07002FC3D4 /* SystemConfiguration.framework */,
				3C89FD9F207C79FC002FC3D4 /* MapKit.framework */,
				3C89FD9D207C79F2002FC3D4 /* CoreGraphics.framework */,
				3C89FD9B207C79E9002FC3D4 /* UIKit.framework */,
				522A6570DEEFEAB770210F36 /* Pods_PointSDK_MinimalIntegrationExample_Objc.framework */,
				0F17651AFB3BAEC160088E94 /* Pods_PointSDK_MinimalIntegrationExample_Swift.framework */,
			);
			name = Frameworks;
			sourceTree = "<group>";
		};
		40371F84145C205FF14AE514 /* Pods */ = {
			isa = PBXGroup;
			children = (
				260B31C1A039CFB139A54723 /* Pods-PointSDK-MinimalIntegrationExample-Objc.debug.xcconfig */,
				D3D644B5B034D00ADF09B1FD /* Pods-PointSDK-MinimalIntegrationExample-Objc.release.xcconfig */,
				1EB01708A60DE0DE86C05D18 /* Pods-PointSDK-MinimalIntegrationExample-Swift.debug.xcconfig */,
				1F77A7FF24616F3F8BC71201 /* Pods-PointSDK-MinimalIntegrationExample-Swift.release.xcconfig */,
			);
			path = Pods;
			sourceTree = "<group>";
		};
		E1741EF82354379800F7E78E /* PointSDK-MinimalUITests-Swift */ = {
			isa = PBXGroup;
			children = (
				E1741EF92354379800F7E78E /* PointSDK_MinimalUITests_Swift.swift */,
				E1741EFB2354379800F7E78E /* Info.plist */,
			);
			path = "PointSDK-MinimalUITests-Swift";
			sourceTree = "<group>";
		};
		E1741F06235437AE00F7E78E /* PointSDK-MinimalUITests-Objc */ = {
			isa = PBXGroup;
			children = (
				E1741F07235437AE00F7E78E /* PointSDK_MinimalUITests_Objc.swift */,
				E1741F09235437AE00F7E78E /* Info.plist */,
			);
			path = "PointSDK-MinimalUITests-Objc";
			sourceTree = "<group>";
		};
/* End PBXGroup section */

/* Begin PBXNativeTarget section */
		3C02C480207F1F79008CA191 /* PointSDK-MinimalIntegrationExample-Objc */ = {
			isa = PBXNativeTarget;
			buildConfigurationList = 3C02C494207F1F7B008CA191 /* Build configuration list for PBXNativeTarget "PointSDK-MinimalIntegrationExample-Objc" */;
			buildPhases = (
				5100EF5E40026AFD087013D1 /* [CP] Check Pods Manifest.lock */,
				3C02C47D207F1F79008CA191 /* Sources */,
				3C02C47E207F1F79008CA191 /* Frameworks */,
				3C02C47F207F1F79008CA191 /* Resources */,
				3C02C4A4207F29F8008CA191 /* Strip Symbols */,
				21381163A267CD8ADA8B08D3 /* [CP] Embed Pods Frameworks */,
			);
			buildRules = (
			);
			dependencies = (
			);
			name = "PointSDK-MinimalIntegrationExample-Objc";
			productName = "PointSDK-MinimalIntegrationExample-Objc";
			productReference = 3C02C481207F1F79008CA191 /* PointSDK Objc Minimal.app */;
			productType = "com.apple.product-type.application";
		};
		3C89FD64207C799B002FC3D4 /* PointSDK-MinimalIntegrationExample-Swift */ = {
			isa = PBXNativeTarget;
			buildConfigurationList = 3C89FD8D207C799B002FC3D4 /* Build configuration list for PBXNativeTarget "PointSDK-MinimalIntegrationExample-Swift" */;
			buildPhases = (
				F9FA7E39E4973F1EF43ED465 /* [CP] Check Pods Manifest.lock */,
				3C89FD61207C799B002FC3D4 /* Sources */,
				3C89FD62207C799B002FC3D4 /* Frameworks */,
				3C89FD63207C799B002FC3D4 /* Resources */,
				3C7BCC3D207DCE12001D8880 /* Embed Frameworks */,
				3C66A6EB207DA5A200A9CBF0 /* Strip Symbols */,
				C8034676F0EB17019E4B5995 /* [CP] Embed Pods Frameworks */,
			);
			buildRules = (
			);
			dependencies = (
			);
			name = "PointSDK-MinimalIntegrationExample-Swift";
			productName = "PointSDK-MinimalIntegrationExample-iOS-Swift";
			productReference = 3C89FD65207C799B002FC3D4 /* PointSDK Swift Minimal.app */;
			productType = "com.apple.product-type.application";
		};
		E1741EF62354379800F7E78E /* PointSDK-MinimalUITests-Swift */ = {
			isa = PBXNativeTarget;
			buildConfigurationList = E1741EFE2354379800F7E78E /* Build configuration list for PBXNativeTarget "PointSDK-MinimalUITests-Swift" */;
			buildPhases = (
				E1741EF32354379800F7E78E /* Sources */,
				E1741EF42354379800F7E78E /* Frameworks */,
				E1741EF52354379800F7E78E /* Resources */,
			);
			buildRules = (
			);
			dependencies = (
				E1741EFD2354379800F7E78E /* PBXTargetDependency */,
			);
			name = "PointSDK-MinimalUITests-Swift";
			productName = "PointSDK-MinimalUITests-Swift";
			productReference = E1741EF72354379800F7E78E /* PointSDK-MinimalUITests-Swift.xctest */;
			productType = "com.apple.product-type.bundle.ui-testing";
		};
		E1741F04235437AE00F7E78E /* PointSDK-MinimalUITests-Objc */ = {
			isa = PBXNativeTarget;
			buildConfigurationList = E1741F0C235437AE00F7E78E /* Build configuration list for PBXNativeTarget "PointSDK-MinimalUITests-Objc" */;
			buildPhases = (
				E1741F01235437AE00F7E78E /* Sources */,
				E1741F02235437AE00F7E78E /* Frameworks */,
				E1741F03235437AE00F7E78E /* Resources */,
			);
			buildRules = (
			);
			dependencies = (
				E1741F0B235437AE00F7E78E /* PBXTargetDependency */,
			);
			name = "PointSDK-MinimalUITests-Objc";
			productName = "PointSDK-MinimalUITests-Objc";
			productReference = E1741F05235437AE00F7E78E /* PointSDK-MinimalUITests-Objc.xctest */;
			productType = "com.apple.product-type.bundle.ui-testing";
		};
/* End PBXNativeTarget section */

/* Begin PBXProject section */
		3C89FD5D207C799B002FC3D4 /* Project object */ = {
			isa = PBXProject;
			attributes = {
				LastSwiftUpdateCheck = 1100;
				LastUpgradeCheck = 0930;
				ORGANIZATIONNAME = "Bluedot Innovation";
				TargetAttributes = {
					3C02C480207F1F79008CA191 = {
						CreatedOnToolsVersion = 9.3;
					};
					3C89FD64207C799B002FC3D4 = {
						CreatedOnToolsVersion = 9.3;
						LastSwiftMigration = 1100;
					};
					E1741EF62354379800F7E78E = {
						CreatedOnToolsVersion = 11.0;
						TestTargetID = 3C89FD64207C799B002FC3D4;
					};
					E1741F04235437AE00F7E78E = {
						CreatedOnToolsVersion = 11.0;
						TestTargetID = 3C02C480207F1F79008CA191;
					};
				};
			};
			buildConfigurationList = 3C89FD60207C799B002FC3D4 /* Build configuration list for PBXProject "PointSDK-MinimalIntegrationExample-iOS" */;
			compatibilityVersion = "Xcode 9.3";
			developmentRegion = en;
			hasScannedForEncodings = 0;
			knownRegions = (
				en,
				Base,
			);
			mainGroup = 3C89FD5C207C799B002FC3D4;
			productRefGroup = 3C89FD66207C799B002FC3D4 /* Products */;
			projectDirPath = "";
			projectRoot = "";
			targets = (
				3C89FD64207C799B002FC3D4 /* PointSDK-MinimalIntegrationExample-Swift */,
				3C02C480207F1F79008CA191 /* PointSDK-MinimalIntegrationExample-Objc */,
				E1741EF62354379800F7E78E /* PointSDK-MinimalUITests-Swift */,
				E1741F04235437AE00F7E78E /* PointSDK-MinimalUITests-Objc */,
			);
		};
/* End PBXProject section */

/* Begin PBXResourcesBuildPhase section */
		3C02C47F207F1F79008CA191 /* Resources */ = {
			isa = PBXResourcesBuildPhase;
			buildActionMask = 2147483647;
			files = (
				3C02C490207F1F7B008CA191 /* LaunchScreen.storyboard in Resources */,
				3C02C48D207F1F7B008CA191 /* Assets.xcassets in Resources */,
				3C02C48B207F1F79008CA191 /* Main.storyboard in Resources */,
			);
			runOnlyForDeploymentPostprocessing = 0;
		};
		3C89FD63207C799B002FC3D4 /* Resources */ = {
			isa = PBXResourcesBuildPhase;
			buildActionMask = 2147483647;
			files = (
				3C89FD73207C799B002FC3D4 /* LaunchScreen.storyboard in Resources */,
				3C89FD70207C799B002FC3D4 /* Assets.xcassets in Resources */,
				3C89FD6E207C799B002FC3D4 /* Main.storyboard in Resources */,
			);
			runOnlyForDeploymentPostprocessing = 0;
		};
		E1741EF52354379800F7E78E /* Resources */ = {
			isa = PBXResourcesBuildPhase;
			buildActionMask = 2147483647;
			files = (
			);
			runOnlyForDeploymentPostprocessing = 0;
		};
		E1741F03235437AE00F7E78E /* Resources */ = {
			isa = PBXResourcesBuildPhase;
			buildActionMask = 2147483647;
			files = (
			);
			runOnlyForDeploymentPostprocessing = 0;
		};
/* End PBXResourcesBuildPhase section */

/* Begin PBXShellScriptBuildPhase section */
		21381163A267CD8ADA8B08D3 /* [CP] Embed Pods Frameworks */ = {
			isa = PBXShellScriptBuildPhase;
			buildActionMask = 2147483647;
			files = (
			);
			inputFileListPaths = (
				"${PODS_ROOT}/Target Support Files/Pods-PointSDK-MinimalIntegrationExample-Objc/Pods-PointSDK-MinimalIntegrationExample-Objc-frameworks-${CONFIGURATION}-input-files.xcfilelist",
			);
			name = "[CP] Embed Pods Frameworks";
			outputFileListPaths = (
				"${PODS_ROOT}/Target Support Files/Pods-PointSDK-MinimalIntegrationExample-Objc/Pods-PointSDK-MinimalIntegrationExample-Objc-frameworks-${CONFIGURATION}-output-files.xcfilelist",
			);
			runOnlyForDeploymentPostprocessing = 0;
			shellPath = /bin/sh;
			shellScript = "\"${PODS_ROOT}/Target Support Files/Pods-PointSDK-MinimalIntegrationExample-Objc/Pods-PointSDK-MinimalIntegrationExample-Objc-frameworks.sh\"\n";
			showEnvVarsInLog = 0;
		};
		3C02C4A4207F29F8008CA191 /* Strip Symbols */ = {
			isa = PBXShellScriptBuildPhase;
			buildActionMask = 2147483647;
			files = (
			);
			inputPaths = (
			);
			name = "Strip Symbols";
			outputPaths = (
			);
			runOnlyForDeploymentPostprocessing = 0;
			shellPath = /bin/sh;
			shellScript = "#/bin/bash\nAPP_PATH=\"${TARGET_BUILD_DIR}/${WRAPPER_NAME}\"\n\n# This script loops through the frameworks embedded in the application and\n# removes unused architectures.\nfind \"$APP_PATH\" -name '*.framework' -type d | while read -r FRAMEWORK\ndo\nFRAMEWORK_EXECUTABLE_NAME=$(defaults read \"$FRAMEWORK/Info.plist\" CFBundleExecutable)\nFRAMEWORK_EXECUTABLE_PATH=\"$FRAMEWORK/$FRAMEWORK_EXECUTABLE_NAME\"\necho \"Executable is $FRAMEWORK_EXECUTABLE_PATH\"\n\nEXTRACTED_ARCHS=()\n\nfor ARCH in $ARCHS\ndo\necho \"Extracting $ARCH from $FRAMEWORK_EXECUTABLE_NAME\"\nlipo -extract \"$ARCH\" \"$FRAMEWORK_EXECUTABLE_PATH\" -o \"$FRAMEWORK_EXECUTABLE_PATH-$ARCH\"\nEXTRACTED_ARCHS+=(\"$FRAMEWORK_EXECUTABLE_PATH-$ARCH\")\ndone\n\necho \"Merging extracted architectures: ${ARCHS}\"\nlipo -o \"$FRAMEWORK_EXECUTABLE_PATH-merged\" -create \"${EXTRACTED_ARCHS[@]}\"\nrm \"${EXTRACTED_ARCHS[@]}\"\n\necho \"Replacing original executable with thinned version\"\nrm \"$FRAMEWORK_EXECUTABLE_PATH\"\nmv \"$FRAMEWORK_EXECUTABLE_PATH-merged\" \"$FRAMEWORK_EXECUTABLE_PATH\"\n\ndone";
			showEnvVarsInLog = 0;
		};
		3C66A6EB207DA5A200A9CBF0 /* Strip Symbols */ = {
			isa = PBXShellScriptBuildPhase;
			buildActionMask = 2147483647;
			files = (
			);
			inputPaths = (
			);
			name = "Strip Symbols";
			outputPaths = (
			);
			runOnlyForDeploymentPostprocessing = 0;
			shellPath = /bin/sh;
			shellScript = "#/bin/bash\nAPP_PATH=\"${TARGET_BUILD_DIR}/${WRAPPER_NAME}\"\n\n# This script loops through the frameworks embedded in the application and\n# removes unused architectures.\nfind \"$APP_PATH\" -name '*.framework' -type d | while read -r FRAMEWORK\ndo\nFRAMEWORK_EXECUTABLE_NAME=$(defaults read \"$FRAMEWORK/Info.plist\" CFBundleExecutable)\nFRAMEWORK_EXECUTABLE_PATH=\"$FRAMEWORK/$FRAMEWORK_EXECUTABLE_NAME\"\necho \"Executable is $FRAMEWORK_EXECUTABLE_PATH\"\n\nEXTRACTED_ARCHS=()\n\nfor ARCH in $ARCHS\ndo\necho \"Extracting $ARCH from $FRAMEWORK_EXECUTABLE_NAME\"\nlipo -extract \"$ARCH\" \"$FRAMEWORK_EXECUTABLE_PATH\" -o \"$FRAMEWORK_EXECUTABLE_PATH-$ARCH\"\nEXTRACTED_ARCHS+=(\"$FRAMEWORK_EXECUTABLE_PATH-$ARCH\")\ndone\n\necho \"Merging extracted architectures: ${ARCHS}\"\nlipo -o \"$FRAMEWORK_EXECUTABLE_PATH-merged\" -create \"${EXTRACTED_ARCHS[@]}\"\nrm \"${EXTRACTED_ARCHS[@]}\"\n\necho \"Replacing original executable with thinned version\"\nrm \"$FRAMEWORK_EXECUTABLE_PATH\"\nmv \"$FRAMEWORK_EXECUTABLE_PATH-merged\" \"$FRAMEWORK_EXECUTABLE_PATH\"\n\ndone";
		};
		5100EF5E40026AFD087013D1 /* [CP] Check Pods Manifest.lock */ = {
			isa = PBXShellScriptBuildPhase;
			buildActionMask = 2147483647;
			files = (
			);
			inputFileListPaths = (
			);
			inputPaths = (
				"${PODS_PODFILE_DIR_PATH}/Podfile.lock",
				"${PODS_ROOT}/Manifest.lock",
			);
			name = "[CP] Check Pods Manifest.lock";
			outputFileListPaths = (
			);
			outputPaths = (
				"$(DERIVED_FILE_DIR)/Pods-PointSDK-MinimalIntegrationExample-Objc-checkManifestLockResult.txt",
			);
			runOnlyForDeploymentPostprocessing = 0;
			shellPath = /bin/sh;
			shellScript = "diff \"${PODS_PODFILE_DIR_PATH}/Podfile.lock\" \"${PODS_ROOT}/Manifest.lock\" > /dev/null\nif [ $? != 0 ] ; then\n    # print error to STDERR\n    echo \"error: The sandbox is not in sync with the Podfile.lock. Run 'pod install' or update your CocoaPods installation.\" >&2\n    exit 1\nfi\n# This output is used by Xcode 'outputs' to avoid re-running this script phase.\necho \"SUCCESS\" > \"${SCRIPT_OUTPUT_FILE_0}\"\n";
			showEnvVarsInLog = 0;
		};
		C8034676F0EB17019E4B5995 /* [CP] Embed Pods Frameworks */ = {
			isa = PBXShellScriptBuildPhase;
			buildActionMask = 2147483647;
			files = (
			);
			inputFileListPaths = (
				"${PODS_ROOT}/Target Support Files/Pods-PointSDK-MinimalIntegrationExample-Swift/Pods-PointSDK-MinimalIntegrationExample-Swift-frameworks-${CONFIGURATION}-input-files.xcfilelist",
			);
			name = "[CP] Embed Pods Frameworks";
			outputFileListPaths = (
				"${PODS_ROOT}/Target Support Files/Pods-PointSDK-MinimalIntegrationExample-Swift/Pods-PointSDK-MinimalIntegrationExample-Swift-frameworks-${CONFIGURATION}-output-files.xcfilelist",
			);
			runOnlyForDeploymentPostprocessing = 0;
			shellPath = /bin/sh;
			shellScript = "\"${PODS_ROOT}/Target Support Files/Pods-PointSDK-MinimalIntegrationExample-Swift/Pods-PointSDK-MinimalIntegrationExample-Swift-frameworks.sh\"\n";
			showEnvVarsInLog = 0;
		};
		F9FA7E39E4973F1EF43ED465 /* [CP] Check Pods Manifest.lock */ = {
			isa = PBXShellScriptBuildPhase;
			buildActionMask = 2147483647;
			files = (
			);
			inputFileListPaths = (
			);
			inputPaths = (
				"${PODS_PODFILE_DIR_PATH}/Podfile.lock",
				"${PODS_ROOT}/Manifest.lock",
			);
			name = "[CP] Check Pods Manifest.lock";
			outputFileListPaths = (
			);
			outputPaths = (
				"$(DERIVED_FILE_DIR)/Pods-PointSDK-MinimalIntegrationExample-Swift-checkManifestLockResult.txt",
			);
			runOnlyForDeploymentPostprocessing = 0;
			shellPath = /bin/sh;
			shellScript = "diff \"${PODS_PODFILE_DIR_PATH}/Podfile.lock\" \"${PODS_ROOT}/Manifest.lock\" > /dev/null\nif [ $? != 0 ] ; then\n    # print error to STDERR\n    echo \"error: The sandbox is not in sync with the Podfile.lock. Run 'pod install' or update your CocoaPods installation.\" >&2\n    exit 1\nfi\n# This output is used by Xcode 'outputs' to avoid re-running this script phase.\necho \"SUCCESS\" > \"${SCRIPT_OUTPUT_FILE_0}\"\n";
			showEnvVarsInLog = 0;
		};
/* End PBXShellScriptBuildPhase section */

/* Begin PBXSourcesBuildPhase section */
		3C02C47D207F1F79008CA191 /* Sources */ = {
			isa = PBXSourcesBuildPhase;
			buildActionMask = 2147483647;
			files = (
				3C02C488207F1F79008CA191 /* ViewController.m in Sources */,
				3C02C493207F1F7B008CA191 /* main.m in Sources */,
				3C02C485207F1F79008CA191 /* AppDelegate.m in Sources */,
				7859007E257DF77800162C94 /* OnboardingViewController.m in Sources */,
			);
			runOnlyForDeploymentPostprocessing = 0;
		};
		3C89FD61207C799B002FC3D4 /* Sources */ = {
			isa = PBXSourcesBuildPhase;
			buildActionMask = 2147483647;
			files = (
				3C89FD6B207C799B002FC3D4 /* ViewController.swift in Sources */,
				7859006D257DF5BE00162C94 /* AppDelegate+BDPBluedotServiceDelegate.swift in Sources */,
				78590071257DF5BE00162C94 /* AppDelegate+BDPGeoTriggeringEventDelegate.swift in Sources */,
				3C89FD69207C799B002FC3D4 /* AppDelegate.swift in Sources */,
				78590083257DF9D400162C94 /* OnboardingViewController.swift in Sources */,
				78590073257DF5BE00162C94 /* AppDelegate+BDPTempoTrackingDelegate.swift in Sources */,
				E11A3CBE21ABB19900AD5102 /* UIAlertController+Actions.swift in Sources */,
			);
			runOnlyForDeploymentPostprocessing = 0;
		};
		E1741EF32354379800F7E78E /* Sources */ = {
			isa = PBXSourcesBuildPhase;
			buildActionMask = 2147483647;
			files = (
				E1741EFA2354379800F7E78E /* PointSDK_MinimalUITests_Swift.swift in Sources */,
			);
			runOnlyForDeploymentPostprocessing = 0;
		};
		E1741F01235437AE00F7E78E /* Sources */ = {
			isa = PBXSourcesBuildPhase;
			buildActionMask = 2147483647;
			files = (
				E1741F08235437AE00F7E78E /* PointSDK_MinimalUITests_Objc.swift in Sources */,
			);
			runOnlyForDeploymentPostprocessing = 0;
		};
/* End PBXSourcesBuildPhase section */

/* Begin PBXTargetDependency section */
		E1741EFD2354379800F7E78E /* PBXTargetDependency */ = {
			isa = PBXTargetDependency;
			target = 3C89FD64207C799B002FC3D4 /* PointSDK-MinimalIntegrationExample-Swift */;
			targetProxy = E1741EFC2354379800F7E78E /* PBXContainerItemProxy */;
		};
		E1741F0B235437AE00F7E78E /* PBXTargetDependency */ = {
			isa = PBXTargetDependency;
			target = 3C02C480207F1F79008CA191 /* PointSDK-MinimalIntegrationExample-Objc */;
			targetProxy = E1741F0A235437AE00F7E78E /* PBXContainerItemProxy */;
		};
/* End PBXTargetDependency section */

/* Begin PBXVariantGroup section */
		3C02C489207F1F79008CA191 /* Main.storyboard */ = {
			isa = PBXVariantGroup;
			children = (
				3C02C48A207F1F79008CA191 /* Base */,
			);
			name = Main.storyboard;
			sourceTree = "<group>";
		};
		3C02C48E207F1F7B008CA191 /* LaunchScreen.storyboard */ = {
			isa = PBXVariantGroup;
			children = (
				3C02C48F207F1F7B008CA191 /* Base */,
			);
			name = LaunchScreen.storyboard;
			sourceTree = "<group>";
		};
		3C89FD6C207C799B002FC3D4 /* Main.storyboard */ = {
			isa = PBXVariantGroup;
			children = (
				3C89FD6D207C799B002FC3D4 /* Base */,
			);
			name = Main.storyboard;
			sourceTree = "<group>";
		};
		3C89FD71207C799B002FC3D4 /* LaunchScreen.storyboard */ = {
			isa = PBXVariantGroup;
			children = (
				3C89FD72207C799B002FC3D4 /* Base */,
			);
			name = LaunchScreen.storyboard;
			sourceTree = "<group>";
		};
/* End PBXVariantGroup section */

/* Begin XCBuildConfiguration section */
		3C02C495207F1F7B008CA191 /* Debug */ = {
			isa = XCBuildConfiguration;
			baseConfigurationReference = 260B31C1A039CFB139A54723 /* Pods-PointSDK-MinimalIntegrationExample-Objc.debug.xcconfig */;
			buildSettings = {
				ALWAYS_EMBED_SWIFT_STANDARD_LIBRARIES = YES;
				ASSETCATALOG_COMPILER_APPICON_NAME = AppIcon;
				CODE_SIGN_IDENTITY = "Apple Development";
				CODE_SIGN_STYLE = Automatic;
				DEVELOPMENT_TEAM = 9H7C75E224;
				ENABLE_BITCODE = NO;
				FRAMEWORK_SEARCH_PATHS = (
					"$(inherited)",
					"$(PROJECT_DIR)",
				);
				INFOPLIST_FILE = "PointSDK-MinimalIntegrationExample-Objc/Info.plist";
				IPHONEOS_DEPLOYMENT_TARGET = 12.0;
				LD_RUNPATH_SEARCH_PATHS = (
					"$(inherited)",
					"@executable_path/Frameworks",
				);
				PRODUCT_BUNDLE_IDENTIFIER = au.com.bluedot.minimalIntegrationAppObjc;
				PRODUCT_NAME = "PointSDK Objc Minimal";
				PROVISIONING_PROFILE_SPECIFIER = "";
				TARGETED_DEVICE_FAMILY = "1,2";
			};
			name = Debug;
		};
		3C02C496207F1F7B008CA191 /* Release */ = {
			isa = XCBuildConfiguration;
			baseConfigurationReference = D3D644B5B034D00ADF09B1FD /* Pods-PointSDK-MinimalIntegrationExample-Objc.release.xcconfig */;
			buildSettings = {
				ALWAYS_EMBED_SWIFT_STANDARD_LIBRARIES = YES;
				ASSETCATALOG_COMPILER_APPICON_NAME = AppIcon;
				CODE_SIGN_IDENTITY = "Apple Development";
				CODE_SIGN_STYLE = Automatic;
				DEVELOPMENT_TEAM = 9H7C75E224;
				ENABLE_BITCODE = NO;
				FRAMEWORK_SEARCH_PATHS = (
					"$(inherited)",
					"$(PROJECT_DIR)",
				);
				INFOPLIST_FILE = "PointSDK-MinimalIntegrationExample-Objc/Info.plist";
				IPHONEOS_DEPLOYMENT_TARGET = 12.0;
				LD_RUNPATH_SEARCH_PATHS = (
					"$(inherited)",
					"@executable_path/Frameworks",
				);
				PRODUCT_BUNDLE_IDENTIFIER = au.com.bluedot.minimalIntegrationAppObjc;
				PRODUCT_NAME = "PointSDK Objc Minimal";
				PROVISIONING_PROFILE_SPECIFIER = "";
				TARGETED_DEVICE_FAMILY = "1,2";
			};
			name = Release;
		};
		3C89FD8B207C799B002FC3D4 /* Debug */ = {
			isa = XCBuildConfiguration;
			buildSettings = {
				ALWAYS_SEARCH_USER_PATHS = NO;
				CLANG_ANALYZER_NONNULL = YES;
				CLANG_ANALYZER_NUMBER_OBJECT_CONVERSION = YES_AGGRESSIVE;
				CLANG_CXX_LANGUAGE_STANDARD = "gnu++14";
				CLANG_CXX_LIBRARY = "libc++";
				CLANG_ENABLE_MODULES = YES;
				CLANG_ENABLE_OBJC_ARC = YES;
				CLANG_ENABLE_OBJC_WEAK = YES;
				CLANG_WARN_BLOCK_CAPTURE_AUTORELEASING = YES;
				CLANG_WARN_BOOL_CONVERSION = YES;
				CLANG_WARN_COMMA = YES;
				CLANG_WARN_CONSTANT_CONVERSION = YES;
				CLANG_WARN_DEPRECATED_OBJC_IMPLEMENTATIONS = YES;
				CLANG_WARN_DIRECT_OBJC_ISA_USAGE = YES_ERROR;
				CLANG_WARN_DOCUMENTATION_COMMENTS = YES;
				CLANG_WARN_EMPTY_BODY = YES;
				CLANG_WARN_ENUM_CONVERSION = YES;
				CLANG_WARN_INFINITE_RECURSION = YES;
				CLANG_WARN_INT_CONVERSION = YES;
				CLANG_WARN_NON_LITERAL_NULL_CONVERSION = YES;
				CLANG_WARN_OBJC_IMPLICIT_RETAIN_SELF = YES;
				CLANG_WARN_OBJC_LITERAL_CONVERSION = YES;
				CLANG_WARN_OBJC_ROOT_CLASS = YES_ERROR;
				CLANG_WARN_RANGE_LOOP_ANALYSIS = YES;
				CLANG_WARN_STRICT_PROTOTYPES = YES;
				CLANG_WARN_SUSPICIOUS_MOVE = YES;
				CLANG_WARN_UNGUARDED_AVAILABILITY = YES_AGGRESSIVE;
				CLANG_WARN_UNREACHABLE_CODE = YES;
				CLANG_WARN__DUPLICATE_METHOD_MATCH = YES;
				CODE_SIGN_IDENTITY = "iPhone Developer";
				COPY_PHASE_STRIP = NO;
				DEBUG_INFORMATION_FORMAT = dwarf;
				ENABLE_STRICT_OBJC_MSGSEND = YES;
				ENABLE_TESTABILITY = YES;
				GCC_C_LANGUAGE_STANDARD = gnu11;
				GCC_DYNAMIC_NO_PIC = NO;
				GCC_NO_COMMON_BLOCKS = YES;
				GCC_OPTIMIZATION_LEVEL = 0;
				GCC_PREPROCESSOR_DEFINITIONS = (
					"DEBUG=1",
					"$(inherited)",
				);
				GCC_WARN_64_TO_32_BIT_CONVERSION = YES;
				GCC_WARN_ABOUT_RETURN_TYPE = YES_ERROR;
				GCC_WARN_UNDECLARED_SELECTOR = YES;
				GCC_WARN_UNINITIALIZED_AUTOS = YES_AGGRESSIVE;
				GCC_WARN_UNUSED_FUNCTION = YES;
				GCC_WARN_UNUSED_VARIABLE = YES;
				IPHONEOS_DEPLOYMENT_TARGET = 11.3;
				MTL_ENABLE_DEBUG_INFO = YES;
				ONLY_ACTIVE_ARCH = YES;
				SDKROOT = iphoneos;
				SWIFT_ACTIVE_COMPILATION_CONDITIONS = DEBUG;
				SWIFT_OPTIMIZATION_LEVEL = "-Onone";
			};
			name = Debug;
		};
		3C89FD8C207C799B002FC3D4 /* Release */ = {
			isa = XCBuildConfiguration;
			buildSettings = {
				ALWAYS_SEARCH_USER_PATHS = NO;
				CLANG_ANALYZER_NONNULL = YES;
				CLANG_ANALYZER_NUMBER_OBJECT_CONVERSION = YES_AGGRESSIVE;
				CLANG_CXX_LANGUAGE_STANDARD = "gnu++14";
				CLANG_CXX_LIBRARY = "libc++";
				CLANG_ENABLE_MODULES = YES;
				CLANG_ENABLE_OBJC_ARC = YES;
				CLANG_ENABLE_OBJC_WEAK = YES;
				CLANG_WARN_BLOCK_CAPTURE_AUTORELEASING = YES;
				CLANG_WARN_BOOL_CONVERSION = YES;
				CLANG_WARN_COMMA = YES;
				CLANG_WARN_CONSTANT_CONVERSION = YES;
				CLANG_WARN_DEPRECATED_OBJC_IMPLEMENTATIONS = YES;
				CLANG_WARN_DIRECT_OBJC_ISA_USAGE = YES_ERROR;
				CLANG_WARN_DOCUMENTATION_COMMENTS = YES;
				CLANG_WARN_EMPTY_BODY = YES;
				CLANG_WARN_ENUM_CONVERSION = YES;
				CLANG_WARN_INFINITE_RECURSION = YES;
				CLANG_WARN_INT_CONVERSION = YES;
				CLANG_WARN_NON_LITERAL_NULL_CONVERSION = YES;
				CLANG_WARN_OBJC_IMPLICIT_RETAIN_SELF = YES;
				CLANG_WARN_OBJC_LITERAL_CONVERSION = YES;
				CLANG_WARN_OBJC_ROOT_CLASS = YES_ERROR;
				CLANG_WARN_RANGE_LOOP_ANALYSIS = YES;
				CLANG_WARN_STRICT_PROTOTYPES = YES;
				CLANG_WARN_SUSPICIOUS_MOVE = YES;
				CLANG_WARN_UNGUARDED_AVAILABILITY = YES_AGGRESSIVE;
				CLANG_WARN_UNREACHABLE_CODE = YES;
				CLANG_WARN__DUPLICATE_METHOD_MATCH = YES;
				CODE_SIGN_IDENTITY = "iPhone Developer";
				COPY_PHASE_STRIP = NO;
				DEBUG_INFORMATION_FORMAT = "dwarf-with-dsym";
				ENABLE_NS_ASSERTIONS = NO;
				ENABLE_STRICT_OBJC_MSGSEND = YES;
				GCC_C_LANGUAGE_STANDARD = gnu11;
				GCC_NO_COMMON_BLOCKS = YES;
				GCC_WARN_64_TO_32_BIT_CONVERSION = YES;
				GCC_WARN_ABOUT_RETURN_TYPE = YES_ERROR;
				GCC_WARN_UNDECLARED_SELECTOR = YES;
				GCC_WARN_UNINITIALIZED_AUTOS = YES_AGGRESSIVE;
				GCC_WARN_UNUSED_FUNCTION = YES;
				GCC_WARN_UNUSED_VARIABLE = YES;
				IPHONEOS_DEPLOYMENT_TARGET = 11.3;
				MTL_ENABLE_DEBUG_INFO = NO;
				SDKROOT = iphoneos;
				SWIFT_COMPILATION_MODE = wholemodule;
				SWIFT_OPTIMIZATION_LEVEL = "-O";
				VALIDATE_PRODUCT = YES;
			};
			name = Release;
		};
		3C89FD8E207C799B002FC3D4 /* Debug */ = {
			isa = XCBuildConfiguration;
			baseConfigurationReference = 1EB01708A60DE0DE86C05D18 /* Pods-PointSDK-MinimalIntegrationExample-Swift.debug.xcconfig */;
			buildSettings = {
				ALWAYS_EMBED_SWIFT_STANDARD_LIBRARIES = YES;
				ASSETCATALOG_COMPILER_APPICON_NAME = AppIcon;
				CODE_SIGN_IDENTITY = "Apple Development";
				CODE_SIGN_STYLE = Automatic;
				DEVELOPMENT_TEAM = 9H7C75E224;
				ENABLE_BITCODE = NO;
				FRAMEWORK_SEARCH_PATHS = (
					"$(inherited)",
					"$(PROJECT_DIR)",
				);
				INFOPLIST_FILE = "PointSDK-MinimalIntegrationExample-Swift/Info.plist";
				IPHONEOS_DEPLOYMENT_TARGET = 12.0;
				LD_RUNPATH_SEARCH_PATHS = (
					"$(inherited)",
					"@executable_path/Frameworks",
				);
				PRODUCT_BUNDLE_IDENTIFIER = au.com.bluedot.minIntegrationAppSwift;
				PRODUCT_NAME = "PointSDK Swift Minimal";
				PROVISIONING_PROFILE_SPECIFIER = "";
				SWIFT_VERSION = 5.0;
				TARGETED_DEVICE_FAMILY = "1,2";
			};
			name = Debug;
		};
		3C89FD8F207C799B002FC3D4 /* Release */ = {
			isa = XCBuildConfiguration;
			baseConfigurationReference = 1F77A7FF24616F3F8BC71201 /* Pods-PointSDK-MinimalIntegrationExample-Swift.release.xcconfig */;
			buildSettings = {
				ALWAYS_EMBED_SWIFT_STANDARD_LIBRARIES = YES;
				ASSETCATALOG_COMPILER_APPICON_NAME = AppIcon;
				CODE_SIGN_IDENTITY = "Apple Development";
				CODE_SIGN_STYLE = Automatic;
				DEVELOPMENT_TEAM = 9H7C75E224;
				ENABLE_BITCODE = NO;
				FRAMEWORK_SEARCH_PATHS = (
					"$(inherited)",
					"$(PROJECT_DIR)",
				);
				INFOPLIST_FILE = "PointSDK-MinimalIntegrationExample-Swift/Info.plist";
				IPHONEOS_DEPLOYMENT_TARGET = 12.0;
				LD_RUNPATH_SEARCH_PATHS = (
					"$(inherited)",
					"@executable_path/Frameworks",
				);
				PRODUCT_BUNDLE_IDENTIFIER = au.com.bluedot.minIntegrationAppSwift;
				PRODUCT_NAME = "PointSDK Swift Minimal";
				PROVISIONING_PROFILE_SPECIFIER = "";
				SWIFT_VERSION = 5.0;
				TARGETED_DEVICE_FAMILY = "1,2";
			};
			name = Release;
		};
		E1741EFF2354379800F7E78E /* Debug */ = {
			isa = XCBuildConfiguration;
			buildSettings = {
				CODE_SIGN_STYLE = Automatic;
				DEVELOPMENT_TEAM = 9H7C75E224;
				INFOPLIST_FILE = "PointSDK-MinimalUITests-Swift/Info.plist";
				IPHONEOS_DEPLOYMENT_TARGET = 13.0;
				LD_RUNPATH_SEARCH_PATHS = (
					"$(inherited)",
					"@executable_path/Frameworks",
					"@loader_path/Frameworks",
				);
				MTL_ENABLE_DEBUG_INFO = INCLUDE_SOURCE;
				MTL_FAST_MATH = YES;
				PRODUCT_BUNDLE_IDENTIFIER = "io.bluedot.PointSDK-MinimalUITests-Swift";
				PRODUCT_NAME = "$(TARGET_NAME)";
				SWIFT_VERSION = 5.0;
				TARGETED_DEVICE_FAMILY = "1,2";
				TEST_TARGET_NAME = "PointSDK-MinimalIntegrationExample-Swift";
			};
			name = Debug;
		};
		E1741F002354379800F7E78E /* Release */ = {
			isa = XCBuildConfiguration;
			buildSettings = {
				CODE_SIGN_STYLE = Automatic;
				DEVELOPMENT_TEAM = 9H7C75E224;
				INFOPLIST_FILE = "PointSDK-MinimalUITests-Swift/Info.plist";
				IPHONEOS_DEPLOYMENT_TARGET = 13.0;
				LD_RUNPATH_SEARCH_PATHS = (
					"$(inherited)",
					"@executable_path/Frameworks",
					"@loader_path/Frameworks",
				);
				MTL_FAST_MATH = YES;
				PRODUCT_BUNDLE_IDENTIFIER = "io.bluedot.PointSDK-MinimalUITests-Swift";
				PRODUCT_NAME = "$(TARGET_NAME)";
				SWIFT_VERSION = 5.0;
				TARGETED_DEVICE_FAMILY = "1,2";
				TEST_TARGET_NAME = "PointSDK-MinimalIntegrationExample-Swift";
			};
			name = Release;
		};
		E1741F0D235437AE00F7E78E /* Debug */ = {
			isa = XCBuildConfiguration;
			buildSettings = {
				CODE_SIGN_STYLE = Automatic;
				DEVELOPMENT_TEAM = 9H7C75E224;
				INFOPLIST_FILE = "PointSDK-MinimalUITests-Objc/Info.plist";
				IPHONEOS_DEPLOYMENT_TARGET = 13.0;
				LD_RUNPATH_SEARCH_PATHS = (
					"$(inherited)",
					"@executable_path/Frameworks",
					"@loader_path/Frameworks",
				);
				MTL_ENABLE_DEBUG_INFO = INCLUDE_SOURCE;
				MTL_FAST_MATH = YES;
				PRODUCT_BUNDLE_IDENTIFIER = "io.bluedot.PointSDK-MinimalUITests-Objc";
				PRODUCT_NAME = "$(TARGET_NAME)";
				SWIFT_VERSION = 5.0;
				TARGETED_DEVICE_FAMILY = "1,2";
				TEST_TARGET_NAME = "PointSDK-MinimalIntegrationExample-Objc";
			};
			name = Debug;
		};
		E1741F0E235437AE00F7E78E /* Release */ = {
			isa = XCBuildConfiguration;
			buildSettings = {
				CODE_SIGN_STYLE = Automatic;
				DEVELOPMENT_TEAM = 9H7C75E224;
				INFOPLIST_FILE = "PointSDK-MinimalUITests-Objc/Info.plist";
				IPHONEOS_DEPLOYMENT_TARGET = 13.0;
				LD_RUNPATH_SEARCH_PATHS = (
					"$(inherited)",
					"@executable_path/Frameworks",
					"@loader_path/Frameworks",
				);
				MTL_FAST_MATH = YES;
				PRODUCT_BUNDLE_IDENTIFIER = "io.bluedot.PointSDK-MinimalUITests-Objc";
				PRODUCT_NAME = "$(TARGET_NAME)";
				SWIFT_VERSION = 5.0;
				TARGETED_DEVICE_FAMILY = "1,2";
				TEST_TARGET_NAME = "PointSDK-MinimalIntegrationExample-Objc";
			};
			name = Release;
		};
/* End XCBuildConfiguration section */

/* Begin XCConfigurationList section */
		3C02C494207F1F7B008CA191 /* Build configuration list for PBXNativeTarget "PointSDK-MinimalIntegrationExample-Objc" */ = {
			isa = XCConfigurationList;
			buildConfigurations = (
				3C02C495207F1F7B008CA191 /* Debug */,
				3C02C496207F1F7B008CA191 /* Release */,
			);
			defaultConfigurationIsVisible = 0;
			defaultConfigurationName = Release;
		};
		3C89FD60207C799B002FC3D4 /* Build configuration list for PBXProject "PointSDK-MinimalIntegrationExample-iOS" */ = {
			isa = XCConfigurationList;
			buildConfigurations = (
				3C89FD8B207C799B002FC3D4 /* Debug */,
				3C89FD8C207C799B002FC3D4 /* Release */,
			);
			defaultConfigurationIsVisible = 0;
			defaultConfigurationName = Release;
		};
		3C89FD8D207C799B002FC3D4 /* Build configuration list for PBXNativeTarget "PointSDK-MinimalIntegrationExample-Swift" */ = {
			isa = XCConfigurationList;
			buildConfigurations = (
				3C89FD8E207C799B002FC3D4 /* Debug */,
				3C89FD8F207C799B002FC3D4 /* Release */,
			);
			defaultConfigurationIsVisible = 0;
			defaultConfigurationName = Release;
		};
		E1741EFE2354379800F7E78E /* Build configuration list for PBXNativeTarget "PointSDK-MinimalUITests-Swift" */ = {
			isa = XCConfigurationList;
			buildConfigurations = (
				E1741EFF2354379800F7E78E /* Debug */,
				E1741F002354379800F7E78E /* Release */,
			);
			defaultConfigurationIsVisible = 0;
			defaultConfigurationName = Release;
		};
		E1741F0C235437AE00F7E78E /* Build configuration list for PBXNativeTarget "PointSDK-MinimalUITests-Objc" */ = {
			isa = XCConfigurationList;
			buildConfigurations = (
				E1741F0D235437AE00F7E78E /* Debug */,
				E1741F0E235437AE00F7E78E /* Release */,
			);
			defaultConfigurationIsVisible = 0;
			defaultConfigurationName = Release;
		};
/* End XCConfigurationList section */
	};
	rootObject = 3C89FD5D207C799B002FC3D4 /* Project object */;
}
